
Microsoft Visual Studio Solution File, Format Version 12.00
# Visual Studio Version 16
VisualStudioVersion = 16.0.31702.278
MinimumVisualStudioVersion = 10.0.40219.1
Project("{FAE04EC0-301F-11D3-BF4B-00C04F79EFBC}") = "Lab_3", "Lab_3\Lab_3.csproj", "{35A908B5-3BBA-4FF2-AE81-7DA7E61F6B25}"
EndProject
Global
	GlobalSection(SolutionConfigurationPlatforms) = preSolution
		Debug|Any CPU = Debug|Any CPU
		Release|Any CPU = Release|Any CPU
	EndGlobalSection
	GlobalSection(ProjectConfigurationPlatforms) = postSolution
		{35A908B5-3BBA-4FF2-AE81-7DA7E61F6B25}.Debug|Any CPU.ActiveCfg = Debug|Any CPU
		{35A908B5-3BBA-4FF2-AE81-7DA7E61F6B25}.Debug|Any CPU.Build.0 = Debug|Any CPU
		{35A908B5-3BBA-4FF2-AE81-7DA7E61F6B25}.Release|Any CPU.ActiveCfg = Release|Any CPU
		{35A908B5-3BBA-4FF2-AE81-7DA7E61F6B25}.Release|Any CPU.Build.0 = Release|Any CPU
	EndGlobalSection
	GlobalSection(SolutionProperties) = preSolution
		HideSolutionNode = FALSE
	EndGlobalSection
	GlobalSection(ExtensibilityGlobals) = postSolution
		SolutionGuid = {4F57A3C8-D31B-4147-925F-9E3279CBEF50}
	EndGlobalSection
EndGlobal
