
Microsoft Visual Studio Solution File, Format Version 12.00
# Visual Studio Version 16
VisualStudioVersion = 16.0.31729.503
MinimumVisualStudioVersion = 10.0.40219.1
Project("{FAE04EC0-301F-11D3-BF4B-00C04F79EFBC}") = "Mouse_1", "Mouse_1\Mouse_1.csproj", "{C155F95A-4DCF-4BD3-9CDF-7343A8E90F2E}"
EndProject
Global
	GlobalSection(SolutionConfigurationPlatforms) = preSolution
		Debug|Any CPU = Debug|Any CPU
		Release|Any CPU = Release|Any CPU
	EndGlobalSection
	GlobalSection(ProjectConfigurationPlatforms) = postSolution
		{C155F95A-4DCF-4BD3-9CDF-7343A8E90F2E}.Debug|Any CPU.ActiveCfg = Debug|Any CPU
		{C155F95A-4DCF-4BD3-9CDF-7343A8E90F2E}.Debug|Any CPU.Build.0 = Debug|Any CPU
		{C155F95A-4DCF-4BD3-9CDF-7343A8E90F2E}.Release|Any CPU.ActiveCfg = Release|Any CPU
		{C155F95A-4DCF-4BD3-9CDF-7343A8E90F2E}.Release|Any CPU.Build.0 = Release|Any CPU
	EndGlobalSection
	GlobalSection(SolutionProperties) = preSolution
		HideSolutionNode = FALSE
	EndGlobalSection
	GlobalSection(ExtensibilityGlobals) = postSolution
		SolutionGuid = {C24351A5-CBF2-4678-B356-85926DC69984}
	EndGlobalSection
EndGlobal
