
Microsoft Visual Studio Solution File, Format Version 12.00
# Visual Studio Version 16
VisualStudioVersion = 16.0.31729.503
MinimumVisualStudioVersion = 10.0.40219.1
Project("{FAE04EC0-301F-11D3-BF4B-00C04F79EFBC}") = "Keys_2", "Keys_2\Keys_2.csproj", "{313883DB-1DE0-4F70-AB3A-9F483BF59F5A}"
EndProject
Global
	GlobalSection(SolutionConfigurationPlatforms) = preSolution
		Debug|Any CPU = Debug|Any CPU
		Release|Any CPU = Release|Any CPU
	EndGlobalSection
	GlobalSection(ProjectConfigurationPlatforms) = postSolution
		{313883DB-1DE0-4F70-AB3A-9F483BF59F5A}.Debug|Any CPU.ActiveCfg = Debug|Any CPU
		{313883DB-1DE0-4F70-AB3A-9F483BF59F5A}.Debug|Any CPU.Build.0 = Debug|Any CPU
		{313883DB-1DE0-4F70-AB3A-9F483BF59F5A}.Release|Any CPU.ActiveCfg = Release|Any CPU
		{313883DB-1DE0-4F70-AB3A-9F483BF59F5A}.Release|Any CPU.Build.0 = Release|Any CPU
	EndGlobalSection
	GlobalSection(SolutionProperties) = preSolution
		HideSolutionNode = FALSE
	EndGlobalSection
	GlobalSection(ExtensibilityGlobals) = postSolution
		SolutionGuid = {FCCE5D90-D7F2-4E96-AE0D-A589037CA5BA}
	EndGlobalSection
EndGlobal
