
Microsoft Visual Studio Solution File, Format Version 12.00
# Visual Studio Version 16
VisualStudioVersion = 16.0.31702.278
MinimumVisualStudioVersion = 10.0.40219.1
Project("{FAE04EC0-301F-11D3-BF4B-00C04F79EFBC}") = "Lab_1", "Lab_1\Lab_1.csproj", "{DFDDB987-875F-4343-AF3C-8D36484E799B}"
EndProject
Global
	GlobalSection(SolutionConfigurationPlatforms) = preSolution
		Debug|Any CPU = Debug|Any CPU
		Release|Any CPU = Release|Any CPU
	EndGlobalSection
	GlobalSection(ProjectConfigurationPlatforms) = postSolution
		{DFDDB987-875F-4343-AF3C-8D36484E799B}.Debug|Any CPU.ActiveCfg = Debug|Any CPU
		{DFDDB987-875F-4343-AF3C-8D36484E799B}.Debug|Any CPU.Build.0 = Debug|Any CPU
		{DFDDB987-875F-4343-AF3C-8D36484E799B}.Release|Any CPU.ActiveCfg = Release|Any CPU
		{DFDDB987-875F-4343-AF3C-8D36484E799B}.Release|Any CPU.Build.0 = Release|Any CPU
	EndGlobalSection
	GlobalSection(SolutionProperties) = preSolution
		HideSolutionNode = FALSE
	EndGlobalSection
	GlobalSection(ExtensibilityGlobals) = postSolution
		SolutionGuid = {DD431928-CDE1-4741-95D8-2B5EDEC7051C}
	EndGlobalSection
EndGlobal
