
Microsoft Visual Studio Solution File, Format Version 12.00
# Visual Studio Version 16
VisualStudioVersion = 16.0.31911.196
MinimumVisualStudioVersion = 10.0.40219.1
Project("{FAE04EC0-301F-11D3-BF4B-00C04F79EFBC}") = "Lab_2", "Lab_2\Lab_2.csproj", "{7340906F-A39B-4C9E-BF91-827F173ADD07}"
EndProject
Global
	GlobalSection(SolutionConfigurationPlatforms) = preSolution
		Debug|Any CPU = Debug|Any CPU
		Release|Any CPU = Release|Any CPU
	EndGlobalSection
	GlobalSection(ProjectConfigurationPlatforms) = postSolution
		{7340906F-A39B-4C9E-BF91-827F173ADD07}.Debug|Any CPU.ActiveCfg = Debug|Any CPU
		{7340906F-A39B-4C9E-BF91-827F173ADD07}.Debug|Any CPU.Build.0 = Debug|Any CPU
		{7340906F-A39B-4C9E-BF91-827F173ADD07}.Release|Any CPU.ActiveCfg = Release|Any CPU
		{7340906F-A39B-4C9E-BF91-827F173ADD07}.Release|Any CPU.Build.0 = Release|Any CPU
	EndGlobalSection
	GlobalSection(SolutionProperties) = preSolution
		HideSolutionNode = FALSE
	EndGlobalSection
	GlobalSection(ExtensibilityGlobals) = postSolution
		SolutionGuid = {F229D2DE-6652-4C0E-821F-042E889E3198}
	EndGlobalSection
EndGlobal
